# This file is generated by running "yarn install" inside your project.
# Manual changes might be lost - proceed with caution!

__metadata:
  version: 6
  cacheKey: 8

"@node-ipc/js-queue@workspace:.":
  version: 0.0.0-use.local
  resolution: "@node-ipc/js-queue@workspace:."
  dependencies:
    easy-stack: 1.0.1
  languageName: unknown
  linkType: soft

"easy-stack@npm:1.0.1":
  version: 1.0.1
  resolution: "easy-stack@npm:1.0.1"
  checksum: 161a99e497b3857b0be4ec9e1ebbe90b241ea9d84702f9881b8e5b3f6822065b8c4e33436996935103e191bffba3607de70712a792f4d406a050def48c6bc381
  languageName: node
  linkType: hard
